# THIS IS AN AUTOGENERATED FILE. DO NOT EDIT THIS FILE DIRECTLY.
# yarn lockfile v1


isexe@^4.0.0:
  version "4.0.0"
  resolved "https://registry.yarnpkg.com/isexe/-/isexe-4.0.0.tgz#48f6576af8e87a18feb796b7ed5e2e5903b43dca"
  integrity sha512-FFUtZMpoZ8RqHS3XeXEmHWLA4thH+ZxCv2lOiPIn1Xc7CxrqhWzNSDzD+/chS/zbYezmiwWLdQC09JdQKmthOw==

which@^6.0.1:
  version "6.0.1"
  resolved "https://registry.yarnpkg.com/which/-/which-6.0.1.tgz#021642443a198fb93b784a5606721cb18cfcbfce"
  integrity sha512-oGLe46MIrCRqX7ytPUf66EAYvdeMIZYn3WaocqqKZAxrBpkqHfL/qvTyJ/bTk5+AqHCjXmrv3CEWgy368zhRUg==
  dependencies:
    isexe "^4.0.0"
